
Microsoft Visual Studio Solution File, Format Version 12.00
# Visual Studio Version 16
VisualStudioVersion = 16.0.30907.101
MinimumVisualStudioVersion = 10.0.40219.1
Project("{FAE04EC0-301F-11D3-BF4B-00C04F79EFBC}") = "BigSchool", "BigSchool\BigSchool.csproj", "{7E56EE53-C724-4EC7-90BB-09D310C6E94D}"
EndProject
Global
	GlobalSection(SolutionConfigurationPlatforms) = preSolution
		Debug|Any CPU = Debug|Any CPU
		Release|Any CPU = Release|Any CPU
	EndGlobalSection
	GlobalSection(ProjectConfigurationPlatforms) = postSolution
		{7E56EE53-C724-4EC7-90BB-09D310C6E94D}.Debug|Any CPU.ActiveCfg = Debug|Any CPU
		{7E56EE53-C724-4EC7-90BB-09D310C6E94D}.Debug|Any CPU.Build.0 = Debug|Any CPU
		{7E56EE53-C724-4EC7-90BB-09D310C6E94D}.Release|Any CPU.ActiveCfg = Release|Any CPU
		{7E56EE53-C724-4EC7-90BB-09D310C6E94D}.Release|Any CPU.Build.0 = Release|Any CPU
	EndGlobalSection
	GlobalSection(SolutionProperties) = preSolution
		HideSolutionNode = FALSE
	EndGlobalSection
	GlobalSection(ExtensibilityGlobals) = postSolution
		SolutionGuid = {36C30A8D-738E-4A24-B6F6-FC6A473D29EF}
	EndGlobalSection
EndGlobal
